
Microsoft Visual Studio Solution File, Format Version 12.00
# Visual Studio Version 17
VisualStudioVersion = 17.7.34031.279
MinimumVisualStudioVersion = 10.0.40219.1
Project("{9A19103F-16F7-4668-BE54-9A1E7A4F7556}") = "BilleterieParis2024", "BilleterieParis2024.csproj", "{1DDB69C3-EEAB-49E0-BF91-0E122E01E21B}"
EndProject
Project("{FAE04EC0-301F-11D3-BF4B-00C04F79EFBC}") = "BilleterieParis2024_Tests", "..\BilleterieParis2024_Tests\BilleterieParis2024_Tests.csproj", "{9AB58525-9966-42AB-9F94-0659F2462FE2}"
EndProject
Global
	GlobalSection(SolutionConfigurationPlatforms) = preSolution
		Debug|Any CPU = Debug|Any CPU
		Release|Any CPU = Release|Any CPU
	EndGlobalSection
	GlobalSection(ProjectConfigurationPlatforms) = postSolution
		{1DDB69C3-EEAB-49E0-BF91-0E122E01E21B}.Debug|Any CPU.ActiveCfg = Debug|Any CPU
		{1DDB69C3-EEAB-49E0-BF91-0E122E01E21B}.Debug|Any CPU.Build.0 = Debug|Any CPU
		{1DDB69C3-EEAB-49E0-BF91-0E122E01E21B}.Release|Any CPU.ActiveCfg = Release|Any CPU
		{1DDB69C3-EEAB-49E0-BF91-0E122E01E21B}.Release|Any CPU.Build.0 = Release|Any CPU
		{9AB58525-9966-42AB-9F94-0659F2462FE2}.Debug|Any CPU.ActiveCfg = Debug|Any CPU
		{9AB58525-9966-42AB-9F94-0659F2462FE2}.Debug|Any CPU.Build.0 = Debug|Any CPU
		{9AB58525-9966-42AB-9F94-0659F2462FE2}.Release|Any CPU.ActiveCfg = Release|Any CPU
		{9AB58525-9966-42AB-9F94-0659F2462FE2}.Release|Any CPU.Build.0 = Release|Any CPU
	EndGlobalSection
	GlobalSection(SolutionProperties) = preSolution
		HideSolutionNode = FALSE
	EndGlobalSection
	GlobalSection(ExtensibilityGlobals) = postSolution
		SolutionGuid = {838821DA-6458-4BDD-8825-4CB35D644BF9}
	EndGlobalSection
EndGlobal
